Microsoft Visual Studio Solution File, Format Version 12.00
# Visual Studio Version 17
VisualStudioVersion = 17.5.2.0
MinimumVisualStudioVersion = 10.0.40219.1
Project("{2150E333-8FDC-42A3-9474-1A3956D46DE8}") = "tests", "tests", "{0AB3BF05-4346-4AA6-1389-037BE0695223}"
EndProject
Project("{2150E333-8FDC-42A3-9474-1A3956D46DE8}") = "src", "src", "{827E0CD3-B72D-47B6-A68D-7590B98EB39B}"
EndProject
Project("{FAE04EC0-301F-11D3-BF4B-00C04F79EFBC}") = "AIDeskAssistant.Tests", "tests\AIDeskAssistant.Tests\AIDeskAssistant.Tests.csproj", "{0A7B89FA-2AE6-6643-7031-4ABE76803B6C}"
EndProject
Project("{FAE04EC0-301F-11D3-BF4B-00C04F79EFBC}") = "AIDeskAssistant", "src\AIDeskAssistant\AIDeskAssistant.csproj", "{92AE2E18-6927-EE24-2E1C-55D79E5BEBDC}"
EndProject
Global
	GlobalSection(SolutionConfigurationPlatforms) = preSolution
		Debug|Any CPU = Debug|Any CPU
		Release|Any CPU = Release|Any CPU
	EndGlobalSection
	GlobalSection(ProjectConfigurationPlatforms) = postSolution
		{0A7B89FA-2AE6-6643-7031-4ABE76803B6C}.Debug|Any CPU.ActiveCfg = Debug|Any CPU
		{0A7B89FA-2AE6-6643-7031-4ABE76803B6C}.Debug|Any CPU.Build.0 = Debug|Any CPU
		{0A7B89FA-2AE6-6643-7031-4ABE76803B6C}.Release|Any CPU.ActiveCfg = Release|Any CPU
		{0A7B89FA-2AE6-6643-7031-4ABE76803B6C}.Release|Any CPU.Build.0 = Release|Any CPU
		{92AE2E18-6927-EE24-2E1C-55D79E5BEBDC}.Debug|Any CPU.ActiveCfg = Debug|Any CPU
		{92AE2E18-6927-EE24-2E1C-55D79E5BEBDC}.Debug|Any CPU.Build.0 = Debug|Any CPU
		{92AE2E18-6927-EE24-2E1C-55D79E5BEBDC}.Release|Any CPU.ActiveCfg = Release|Any CPU
		{92AE2E18-6927-EE24-2E1C-55D79E5BEBDC}.Release|Any CPU.Build.0 = Release|Any CPU
	EndGlobalSection
	GlobalSection(SolutionProperties) = preSolution
		HideSolutionNode = FALSE
	EndGlobalSection
	GlobalSection(NestedProjects) = preSolution
		{0A7B89FA-2AE6-6643-7031-4ABE76803B6C} = {0AB3BF05-4346-4AA6-1389-037BE0695223}
		{92AE2E18-6927-EE24-2E1C-55D79E5BEBDC} = {827E0CD3-B72D-47B6-A68D-7590B98EB39B}
	EndGlobalSection
	GlobalSection(ExtensibilityGlobals) = postSolution
		SolutionGuid = {C92B8317-C2B0-4E87-9EFD-174047AE032E}
	EndGlobalSection
EndGlobal
